
Microsoft Visual Studio Solution File, Format Version 12.00
# Visual Studio 2012
Project("{FAE04EC0-301F-11D3-BF4B-00C04F79EFBC}") = "RnvPendler", "RnvPendler\RnvPendler.csproj", "{41E9693F-C2D1-49D8-899A-27DA939D80B5}"
EndProject
Global
	GlobalSection(SolutionConfigurationPlatforms) = preSolution
		Debug|iPhoneSimulator = Debug|iPhoneSimulator
		Release|iPhone = Release|iPhone
		Release|iPhoneSimulator = Release|iPhoneSimulator
		Debug|iPhone = Debug|iPhone
		Debug|x64 = Debug|x64
		Debug|x86 = Debug|x86
		Release|x64 = Release|x64
		Release|x86 = Release|x86
	EndGlobalSection
	GlobalSection(ProjectConfigurationPlatforms) = postSolution
		{41E9693F-C2D1-49D8-899A-27DA939D80B5}.Debug|iPhoneSimulator.ActiveCfg = Debug|iPhoneSimulator
		{41E9693F-C2D1-49D8-899A-27DA939D80B5}.Debug|iPhoneSimulator.Build.0 = Debug|iPhoneSimulator
		{41E9693F-C2D1-49D8-899A-27DA939D80B5}.Release|iPhone.ActiveCfg = Release|iPhone
		{41E9693F-C2D1-49D8-899A-27DA939D80B5}.Release|iPhone.Build.0 = Release|iPhone
		{41E9693F-C2D1-49D8-899A-27DA939D80B5}.Release|iPhoneSimulator.ActiveCfg = Release|iPhoneSimulator
		{41E9693F-C2D1-49D8-899A-27DA939D80B5}.Release|iPhoneSimulator.Build.0 = Release|iPhoneSimulator
		{41E9693F-C2D1-49D8-899A-27DA939D80B5}.Debug|iPhone.ActiveCfg = Debug|iPhone
		{41E9693F-C2D1-49D8-899A-27DA939D80B5}.Debug|iPhone.Build.0 = Debug|iPhone
		{41E9693F-C2D1-49D8-899A-27DA939D80B5}.Debug|x64.ActiveCfg = Debug|iPhoneSimulator
		{41E9693F-C2D1-49D8-899A-27DA939D80B5}.Debug|x64.Build.0 = Debug|iPhoneSimulator
		{41E9693F-C2D1-49D8-899A-27DA939D80B5}.Debug|x86.ActiveCfg = Debug|iPhoneSimulator
		{41E9693F-C2D1-49D8-899A-27DA939D80B5}.Debug|x86.Build.0 = Debug|iPhoneSimulator
		{41E9693F-C2D1-49D8-899A-27DA939D80B5}.Release|x64.ActiveCfg = Release|iPhone
		{41E9693F-C2D1-49D8-899A-27DA939D80B5}.Release|x64.Build.0 = Release|iPhone
		{41E9693F-C2D1-49D8-899A-27DA939D80B5}.Release|x86.ActiveCfg = Release|iPhone
		{41E9693F-C2D1-49D8-899A-27DA939D80B5}.Release|x86.Build.0 = Release|iPhone
	EndGlobalSection
EndGlobal
